
Microsoft Visual Studio Solution File, Format Version 12.00
# Visual Studio Version 17
VisualStudioVersion = 17.3.32901.215
MinimumVisualStudioVersion = 10.0.40219.1
Project("{8BC9CEB8-8B4A-11D0-8D11-00A0C91BC942}") = "ConsoleApplication_C", "ConsoleApplication_C\ConsoleApplication_C.vcxproj", "{281F9093-54EB-487E-BC00-5322B13854AA}"
EndProject
Project("{8BC9CEB8-8B4A-11D0-8D11-00A0C91BC942}") = "ConsoleApplication_Cpp", "ConsoleApplication_Cpp\ConsoleApplication_Cpp.vcxproj", "{C61DF0C9-ACC0-46F2-A05E-AA02DCEF2AA9}"
EndProject
Project("{FAE04EC0-301F-11D3-BF4B-00C04F79EFBC}") = "ConsoleApp_CSharp", "ConsoleApp_CSharp\ConsoleApp_CSharp.csproj", "{487E3703-37E0-49F1-8AE5-A8EBB15CC2C5}"
EndProject
Project("{8BC9CEB8-8B4A-11D0-8D11-00A0C91BC942}") = "ConsoleApplication_CppCli", "ConsoleApplication_CppCli\ConsoleApplication_CppCli.vcxproj", "{DAAD9BD9-5B40-4352-83D5-F5C7F79F6544}"
EndProject
Project("{FAE04EC0-301F-11D3-BF4B-00C04F79EFBC}") = "ConsoleApp_CSharp2", "ConsoleApp_CSharp2\ConsoleApp_CSharp2.csproj", "{528B5600-413B-4BEE-986C-A2B35F00EB56}"
	ProjectSection(ProjectDependencies) = postProject
		{81967981-C514-47E1-A70C-DBB2EFC33B5B} = {81967981-C514-47E1-A70C-DBB2EFC33B5B}
	EndProjectSection
EndProject
Project("{8BC9CEB8-8B4A-11D0-8D11-00A0C91BC942}") = "ConsoleApplication_Cpp2", "ConsoleApplication_Cpp2\ConsoleApplication_Cpp2.vcxproj", "{81967981-C514-47E1-A70C-DBB2EFC33B5B}"
EndProject
Global
	GlobalSection(SolutionConfigurationPlatforms) = preSolution
		Debug|x64 = Debug|x64
		Debug|x86 = Debug|x86
		Release|x64 = Release|x64
		Release|x86 = Release|x86
	EndGlobalSection
	GlobalSection(ProjectConfigurationPlatforms) = postSolution
		{281F9093-54EB-487E-BC00-5322B13854AA}.Debug|x64.ActiveCfg = Debug|x64
		{281F9093-54EB-487E-BC00-5322B13854AA}.Debug|x64.Build.0 = Debug|x64
		{281F9093-54EB-487E-BC00-5322B13854AA}.Debug|x86.ActiveCfg = Debug|Win32
		{281F9093-54EB-487E-BC00-5322B13854AA}.Debug|x86.Build.0 = Debug|Win32
		{281F9093-54EB-487E-BC00-5322B13854AA}.Release|x64.ActiveCfg = Release|x64
		{281F9093-54EB-487E-BC00-5322B13854AA}.Release|x64.Build.0 = Release|x64
		{281F9093-54EB-487E-BC00-5322B13854AA}.Release|x86.ActiveCfg = Release|Win32
		{281F9093-54EB-487E-BC00-5322B13854AA}.Release|x86.Build.0 = Release|Win32
		{C61DF0C9-ACC0-46F2-A05E-AA02DCEF2AA9}.Debug|x64.ActiveCfg = Debug|x64
		{C61DF0C9-ACC0-46F2-A05E-AA02DCEF2AA9}.Debug|x64.Build.0 = Debug|x64
		{C61DF0C9-ACC0-46F2-A05E-AA02DCEF2AA9}.Debug|x86.ActiveCfg = Debug|Win32
		{C61DF0C9-ACC0-46F2-A05E-AA02DCEF2AA9}.Debug|x86.Build.0 = Debug|Win32
		{C61DF0C9-ACC0-46F2-A05E-AA02DCEF2AA9}.Release|x64.ActiveCfg = Release|x64
		{C61DF0C9-ACC0-46F2-A05E-AA02DCEF2AA9}.Release|x64.Build.0 = Release|x64
		{C61DF0C9-ACC0-46F2-A05E-AA02DCEF2AA9}.Release|x86.ActiveCfg = Release|Win32
		{C61DF0C9-ACC0-46F2-A05E-AA02DCEF2AA9}.Release|x86.Build.0 = Release|Win32
		{487E3703-37E0-49F1-8AE5-A8EBB15CC2C5}.Debug|x64.ActiveCfg = Debug|x64
		{487E3703-37E0-49F1-8AE5-A8EBB15CC2C5}.Debug|x64.Build.0 = Debug|x64
		{487E3703-37E0-49F1-8AE5-A8EBB15CC2C5}.Debug|x86.ActiveCfg = Debug|x86
		{487E3703-37E0-49F1-8AE5-A8EBB15CC2C5}.Debug|x86.Build.0 = Debug|x86
		{487E3703-37E0-49F1-8AE5-A8EBB15CC2C5}.Release|x64.ActiveCfg = Release|x64
		{487E3703-37E0-49F1-8AE5-A8EBB15CC2C5}.Release|x64.Build.0 = Release|x64
		{487E3703-37E0-49F1-8AE5-A8EBB15CC2C5}.Release|x86.ActiveCfg = Release|x86
		{487E3703-37E0-49F1-8AE5-A8EBB15CC2C5}.Release|x86.Build.0 = Release|x86
		{DAAD9BD9-5B40-4352-83D5-F5C7F79F6544}.Debug|x64.ActiveCfg = Debug|x64
		{DAAD9BD9-5B40-4352-83D5-F5C7F79F6544}.Debug|x64.Build.0 = Debug|x64
		{DAAD9BD9-5B40-4352-83D5-F5C7F79F6544}.Debug|x86.ActiveCfg = Debug|Win32
		{DAAD9BD9-5B40-4352-83D5-F5C7F79F6544}.Debug|x86.Build.0 = Debug|Win32
		{DAAD9BD9-5B40-4352-83D5-F5C7F79F6544}.Release|x64.ActiveCfg = Release|x64
		{DAAD9BD9-5B40-4352-83D5-F5C7F79F6544}.Release|x64.Build.0 = Release|x64
		{DAAD9BD9-5B40-4352-83D5-F5C7F79F6544}.Release|x86.ActiveCfg = Release|Win32
		{DAAD9BD9-5B40-4352-83D5-F5C7F79F6544}.Release|x86.Build.0 = Release|Win32
		{528B5600-413B-4BEE-986C-A2B35F00EB56}.Debug|x64.ActiveCfg = Debug|x64
		{528B5600-413B-4BEE-986C-A2B35F00EB56}.Debug|x64.Build.0 = Debug|x64
		{528B5600-413B-4BEE-986C-A2B35F00EB56}.Debug|x86.ActiveCfg = Debug|x86
		{528B5600-413B-4BEE-986C-A2B35F00EB56}.Debug|x86.Build.0 = Debug|x86
		{528B5600-413B-4BEE-986C-A2B35F00EB56}.Release|x64.ActiveCfg = Release|x64
		{528B5600-413B-4BEE-986C-A2B35F00EB56}.Release|x64.Build.0 = Release|x64
		{528B5600-413B-4BEE-986C-A2B35F00EB56}.Release|x86.ActiveCfg = Release|x86
		{528B5600-413B-4BEE-986C-A2B35F00EB56}.Release|x86.Build.0 = Release|x86
		{81967981-C514-47E1-A70C-DBB2EFC33B5B}.Debug|x64.ActiveCfg = Debug|x64
		{81967981-C514-47E1-A70C-DBB2EFC33B5B}.Debug|x64.Build.0 = Debug|x64
		{81967981-C514-47E1-A70C-DBB2EFC33B5B}.Debug|x86.ActiveCfg = Debug|Win32
		{81967981-C514-47E1-A70C-DBB2EFC33B5B}.Debug|x86.Build.0 = Debug|Win32
		{81967981-C514-47E1-A70C-DBB2EFC33B5B}.Release|x64.ActiveCfg = Release|x64
		{81967981-C514-47E1-A70C-DBB2EFC33B5B}.Release|x64.Build.0 = Release|x64
		{81967981-C514-47E1-A70C-DBB2EFC33B5B}.Release|x86.ActiveCfg = Release|Win32
		{81967981-C514-47E1-A70C-DBB2EFC33B5B}.Release|x86.Build.0 = Release|Win32
	EndGlobalSection
	GlobalSection(SolutionProperties) = preSolution
		HideSolutionNode = FALSE
	EndGlobalSection
	GlobalSection(ExtensibilityGlobals) = postSolution
		SolutionGuid = {C900AB95-A346-47AD-A9D3-D5C69CBDC5A3}
	EndGlobalSection
EndGlobal
